
Microsoft Visual Studio Solution File, Format Version 12.00
# Visual Studio Version 16
VisualStudioVersion = 16.0.30011.22
MinimumVisualStudioVersion = 10.0.40219.1
Project("{9A19103F-16F7-4668-BE54-9A1E7A4F7556}") = "Yugioh.Business", "src\DevIO.Business\Yugioh.Business.csproj", "{4E2CD2B3-553C-40B0-8A21-BB7B0240E5C9}"
EndProject
Project("{9A19103F-16F7-4668-BE54-9A1E7A4F7556}") = "Yugioh.Data", "src\DevIO.Data\Yugioh.Data.csproj", "{B0C5E847-EAA5-443C-A01E-EFC5CA083623}"
EndProject
Project("{FAE04EC0-301F-11D3-BF4B-00C04F79EFBC}") = "Yugioh.Api", "src\Yugioh.Api\Yugioh.Api.csproj", "{A0145805-7EA3-4939-AD55-0128506B1AC0}"
EndProject
Global
	GlobalSection(SolutionConfigurationPlatforms) = preSolution
		Debug|Any CPU = Debug|Any CPU
		Release|Any CPU = Release|Any CPU
	EndGlobalSection
	GlobalSection(ProjectConfigurationPlatforms) = postSolution
		{4E2CD2B3-553C-40B0-8A21-BB7B0240E5C9}.Debug|Any CPU.ActiveCfg = Debug|Any CPU
		{4E2CD2B3-553C-40B0-8A21-BB7B0240E5C9}.Debug|Any CPU.Build.0 = Debug|Any CPU
		{4E2CD2B3-553C-40B0-8A21-BB7B0240E5C9}.Release|Any CPU.ActiveCfg = Release|Any CPU
		{4E2CD2B3-553C-40B0-8A21-BB7B0240E5C9}.Release|Any CPU.Build.0 = Release|Any CPU
		{B0C5E847-EAA5-443C-A01E-EFC5CA083623}.Debug|Any CPU.ActiveCfg = Debug|Any CPU
		{B0C5E847-EAA5-443C-A01E-EFC5CA083623}.Debug|Any CPU.Build.0 = Debug|Any CPU
		{B0C5E847-EAA5-443C-A01E-EFC5CA083623}.Release|Any CPU.ActiveCfg = Release|Any CPU
		{B0C5E847-EAA5-443C-A01E-EFC5CA083623}.Release|Any CPU.Build.0 = Release|Any CPU
		{A0145805-7EA3-4939-AD55-0128506B1AC0}.Debug|Any CPU.ActiveCfg = Debug|Any CPU
		{A0145805-7EA3-4939-AD55-0128506B1AC0}.Debug|Any CPU.Build.0 = Debug|Any CPU
		{A0145805-7EA3-4939-AD55-0128506B1AC0}.Release|Any CPU.ActiveCfg = Release|Any CPU
		{A0145805-7EA3-4939-AD55-0128506B1AC0}.Release|Any CPU.Build.0 = Release|Any CPU
	EndGlobalSection
	GlobalSection(SolutionProperties) = preSolution
		HideSolutionNode = FALSE
	EndGlobalSection
	GlobalSection(ExtensibilityGlobals) = postSolution
		SolutionGuid = {30DEC2FB-BA32-4DC0-B204-5A5F65DBEAA0}
	EndGlobalSection
EndGlobal
